// !$*UTF8*$!
{
	archiveVersion = 1;
	classes = {
	};
	objectVersion = 46;
	objects = {

/* Begin PBXBuildFile section */
		9751A3ED19E9163800F48973 /* hand-8921-disabled@2x.png in Resources */ = {isa = PBXBuildFile; fileRef = 9751A3DF19E9163800F48973 /* hand-8921-disabled@2x.png */; };
		9751A3EE19E9163800F48973 /* hand-8921-enabled@2x.png in Resources */ = {isa = PBXBuildFile; fileRef = 9751A3E019E9163800F48973 /* hand-8921-enabled@2x.png */; };
		9751A3EF19E9163800F48973 /* hand-8925-disabled@2x.png in Resources */ = {isa = PBXBuildFile; fileRef = 9751A3E119E9163800F48973 /* hand-8925-disabled@2x.png */; };
		9751A3F019E9163800F48973 /* hand-8925-enabled@2x.png in Resources */ = {isa = PBXBuildFile; fileRef = 9751A3E219E9163800F48973 /* hand-8925-enabled@2x.png */; };
		9751A3F119E9163800F48973 /* hand-8926-disabled@2x.png in Resources */ = {isa = PBXBuildFile; fileRef = 9751A3E319E9163800F48973 /* hand-8926-disabled@2x.png */; };
		9751A3F219E9163800F48973 /* hand-8926-enabled@2x.png in Resources */ = {isa = PBXBuildFile; fileRef = 9751A3E419E9163800F48973 /* hand-8926-enabled@2x.png */; };
		9751A3F319E9163800F48973 /* hand-8931-disabled@2x.png in Resources */ = {isa = PBXBuildFile; fileRef = 9751A3E519E9163800F48973 /* hand-8931-disabled@2x.png */; };
		9751A3F419E9163800F48973 /* hand-8931-enabled@2x.png in Resources */ = {isa = PBXBuildFile; fileRef = 9751A3E619E9163800F48973 /* hand-8931-enabled@2x.png */; };
		9751A3F519E9163800F48973 /* hand-8935-disabled@2x.png in Resources */ = {isa = PBXBuildFile; fileRef = 9751A3E719E9163800F48973 /* hand-8935-disabled@2x.png */; };
		9751A3F619E9163800F48973 /* hand-8935-enabled@2x.png in Resources */ = {isa = PBXBuildFile; fileRef = 9751A3E819E9163800F48973 /* hand-8935-enabled@2x.png */; };
		9751A3F719E9163800F48973 /* hand-8948-disabled@2x.png in Resources */ = {isa = PBXBuildFile; fileRef = 9751A3E919E9163800F48973 /* hand-8948-disabled@2x.png */; };
		9751A3F819E9163800F48973 /* hand-8948-enabled@2x.png in Resources */ = {isa = PBXBuildFile; fileRef = 9751A3EA19E9163800F48973 /* hand-8948-enabled@2x.png */; };
		9751A3F919E9163800F48973 /* hand-8952-disabled@2x.png in Resources */ = {isa = PBXBuildFile; fileRef = 9751A3EB19E9163800F48973 /* hand-8952-disabled@2x.png */; };
		9751A3FA19E9163800F48973 /* hand-8952-enabled@2x.png in Resources */ = {isa = PBXBuildFile; fileRef = 9751A3EC19E9163800F48973 /* hand-8952-enabled@2x.png */; };
		9751A3FE19E916B400F48973 /* Defines.m in Sources */ = {isa = PBXBuildFile; fileRef = 9751A3FD19E916B400F48973 /* Defines.m */; };
		9751A40119E91E3C00F48973 /* hand-8942-disabled@2x.png in Resources */ = {isa = PBXBuildFile; fileRef = 9751A3FF19E91E3C00F48973 /* hand-8942-disabled@2x.png */; };
		9751A40219E91E3C00F48973 /* hand-8942-enabled@2x.png in Resources */ = {isa = PBXBuildFile; fileRef = 9751A40019E91E3C00F48973 /* hand-8942-enabled@2x.png */; };
		9751A40519E921F000F48973 /* hand-8900-disabled@2x.png in Resources */ = {isa = PBXBuildFile; fileRef = 9751A40319E921F000F48973 /* hand-8900-disabled@2x.png */; };
		9751A40619E921F000F48973 /* hand-8900-enabled@2x.png in Resources */ = {isa = PBXBuildFile; fileRef = 9751A40419E921F000F48973 /* hand-8900-enabled@2x.png */; };
		9751A40919E92A1D00F48973 /* hand-0000-disabled@2x.png in Resources */ = {isa = PBXBuildFile; fileRef = 9751A40719E92A1D00F48973 /* hand-0000-disabled@2x.png */; };
		9751A40A19E92A1D00F48973 /* hand-0000-enabled@2x.png in Resources */ = {isa = PBXBuildFile; fileRef = 9751A40819E92A1D00F48973 /* hand-0000-enabled@2x.png */; };
		97D36D8919E87C2600402794 /* ZhenyaConnection.m in Sources */ = {isa = PBXBuildFile; fileRef = 97D36D8819E87C2600402794 /* ZhenyaConnection.m */; };
		D915151219E80D7D00185B64 /* main.m in Sources */ = {isa = PBXBuildFile; fileRef = D915151119E80D7D00185B64 /* main.m */; };
		D915151519E80D7D00185B64 /* AppDelegate.m in Sources */ = {isa = PBXBuildFile; fileRef = D915151419E80D7D00185B64 /* AppDelegate.m */; };
		D915151B19E80D7D00185B64 /* Main.storyboard in Resources */ = {isa = PBXBuildFile; fileRef = D915151919E80D7D00185B64 /* Main.storyboard */; };
		D915151D19E80D7D00185B64 /* Images.xcassets in Resources */ = {isa = PBXBuildFile; fileRef = D915151C19E80D7D00185B64 /* Images.xcassets */; };
		D915152019E80D7D00185B64 /* LaunchScreen.xib in Resources */ = {isa = PBXBuildFile; fileRef = D915151E19E80D7D00185B64 /* LaunchScreen.xib */; };
		D915152C19E80D7E00185B64 /* RobotoPultTests.m in Sources */ = {isa = PBXBuildFile; fileRef = D915152B19E80D7E00185B64 /* RobotoPultTests.m */; };
		D915154519E80F9500185B64 /* robod-100.png in Resources */ = {isa = PBXBuildFile; fileRef = D915153719E80F9500185B64 /* robod-100.png */; };
		D915154619E80F9500185B64 /* robod-114.png in Resources */ = {isa = PBXBuildFile; fileRef = D915153819E80F9500185B64 /* robod-114.png */; };
		D915154719E80F9500185B64 /* robod-120.png in Resources */ = {isa = PBXBuildFile; fileRef = D915153919E80F9500185B64 /* robod-120.png */; };
		D915154819E80F9500185B64 /* robod-144.png in Resources */ = {isa = PBXBuildFile; fileRef = D915153A19E80F9500185B64 /* robod-144.png */; };
		D915154919E80F9500185B64 /* robod-152.png in Resources */ = {isa = PBXBuildFile; fileRef = D915153B19E80F9500185B64 /* robod-152.png */; };
		D915154A19E80F9500185B64 /* robod-29.png in Resources */ = {isa = PBXBuildFile; fileRef = D915153C19E80F9500185B64 /* robod-29.png */; };
		D915154B19E80F9500185B64 /* robod-40.png in Resources */ = {isa = PBXBuildFile; fileRef = D915153D19E80F9500185B64 /* robod-40.png */; };
		D915154C19E80F9500185B64 /* robod-50.png in Resources */ = {isa = PBXBuildFile; fileRef = D915153E19E80F9500185B64 /* robod-50.png */; };
		D915154D19E80F9500185B64 /* robod-57.png in Resources */ = {isa = PBXBuildFile; fileRef = D915153F19E80F9500185B64 /* robod-57.png */; };
		D915154E19E80F9500185B64 /* robod-58.png in Resources */ = {isa = PBXBuildFile; fileRef = D915154019E80F9500185B64 /* robod-58.png */; };
		D915154F19E80F9500185B64 /* robod-60.png in Resources */ = {isa = PBXBuildFile; fileRef = D915154119E80F9500185B64 /* robod-60.png */; };
		D915155019E80F9500185B64 /* robod-72.png in Resources */ = {isa = PBXBuildFile; fileRef = D915154219E80F9500185B64 /* robod-72.png */; };
		D915155119E80F9500185B64 /* robod-76.png in Resources */ = {isa = PBXBuildFile; fileRef = D915154319E80F9500185B64 /* robod-76.png */; };
		D915155219E80F9500185B64 /* robod-80.png in Resources */ = {isa = PBXBuildFile; fileRef = D915154419E80F9500185B64 /* robod-80.png */; };
		D9CB14B919E811A100556711 /* ViewController.m in Sources */ = {isa = PBXBuildFile; fileRef = D9CB14B719E811A100556711 /* ViewController.m */; };
		D9CB14BA19E811A100556711 /* ViewController.xib in Resources */ = {isa = PBXBuildFile; fileRef = D9CB14B819E811A100556711 /* ViewController.xib */; };
		D9CB15FD19E8141000556711 /* Documentation.html in Resources */ = {isa = PBXBuildFile; fileRef = D9CB14BF19E8140F00556711 /* Documentation.html */; };
		D9CB15FE19E8141000556711 /* GCDAsyncSocket.m in Sources */ = {isa = PBXBuildFile; fileRef = D9CB14C119E8140F00556711 /* GCDAsyncSocket.m */; };
		D9CB15FF19E8141000556711 /* GCDAsyncUdpSocket.m in Sources */ = {isa = PBXBuildFile; fileRef = D9CB14C319E8140F00556711 /* GCDAsyncUdpSocket.m */; };
		D9CB165619E8141000556711 /* AsyncSocket.m in Sources */ = {isa = PBXBuildFile; fileRef = D9CB15A319E8141000556711 /* AsyncSocket.m */; };
		D9CB165719E8141000556711 /* AsyncUdpSocket.m in Sources */ = {isa = PBXBuildFile; fileRef = D9CB15A519E8141000556711 /* AsyncUdpSocket.m */; };
		D9CB165819E8141000556711 /* Documentation.html in Resources */ = {isa = PBXBuildFile; fileRef = D9CB15A619E8141000556711 /* Documentation.html */; };
		D9CB167319E8141000556711 /* DDAbstractDatabaseLogger.m in Sources */ = {isa = PBXBuildFile; fileRef = D9CB15E919E8141000556711 /* DDAbstractDatabaseLogger.m */; };
		D9CB167419E8141000556711 /* DDASLLogger.m in Sources */ = {isa = PBXBuildFile; fileRef = D9CB15EB19E8141000556711 /* DDASLLogger.m */; };
		D9CB167519E8141000556711 /* DDFileLogger.m in Sources */ = {isa = PBXBuildFile; fileRef = D9CB15ED19E8141000556711 /* DDFileLogger.m */; };
		D9CB167619E8141000556711 /* DDLog.m in Sources */ = {isa = PBXBuildFile; fileRef = D9CB15F019E8141000556711 /* DDLog.m */; };
		D9CB167719E8141000556711 /* DDTTYLogger.m in Sources */ = {isa = PBXBuildFile; fileRef = D9CB15F219E8141000556711 /* DDTTYLogger.m */; };
		D9CB167819E8141000556711 /* DDContextFilterLogFormatter.m in Sources */ = {isa = PBXBuildFile; fileRef = D9CB15F519E8141000556711 /* DDContextFilterLogFormatter.m */; };
		D9CB167919E8141000556711 /* DDDispatchQueueLogFormatter.m in Sources */ = {isa = PBXBuildFile; fileRef = D9CB15F719E8141000556711 /* DDDispatchQueueLogFormatter.m */; };
		D9CB167A19E8141000556711 /* DDMultiFormatter.m in Sources */ = {isa = PBXBuildFile; fileRef = D9CB15F919E8141000556711 /* DDMultiFormatter.m */; };
		D9CB167B19E8141000556711 /* README.txt in Resources */ = {isa = PBXBuildFile; fileRef = D9CB15FA19E8141000556711 /* README.txt */; };
		D9CB16CB19E815BA00556711 /* NSObject+SBJson.m in Sources */ = {isa = PBXBuildFile; fileRef = D9CB16B319E815BA00556711 /* NSObject+SBJson.m */; };
		D9CB16CC19E815BA00556711 /* SBJsonParser.m in Sources */ = {isa = PBXBuildFile; fileRef = D9CB16B619E815BA00556711 /* SBJsonParser.m */; };
		D9CB16CD19E815BA00556711 /* SBJsonStreamParser.m in Sources */ = {isa = PBXBuildFile; fileRef = D9CB16B819E815BA00556711 /* SBJsonStreamParser.m */; };
		D9CB16CE19E815BA00556711 /* SBJsonStreamParserAccumulator.m in Sources */ = {isa = PBXBuildFile; fileRef = D9CB16BA19E815BA00556711 /* SBJsonStreamParserAccumulator.m */; };
		D9CB16CF19E815BA00556711 /* SBJsonStreamParserAdapter.m in Sources */ = {isa = PBXBuildFile; fileRef = D9CB16BC19E815BA00556711 /* SBJsonStreamParserAdapter.m */; };
		D9CB16D019E815BA00556711 /* SBJsonStreamParserState.m in Sources */ = {isa = PBXBuildFile; fileRef = D9CB16BE19E815BA00556711 /* SBJsonStreamParserState.m */; };
		D9CB16D119E815BA00556711 /* SBJsonStreamWriter.m in Sources */ = {isa = PBXBuildFile; fileRef = D9CB16C019E815BA00556711 /* SBJsonStreamWriter.m */; };
		D9CB16D219E815BA00556711 /* SBJsonStreamWriterAccumulator.m in Sources */ = {isa = PBXBuildFile; fileRef = D9CB16C219E815BA00556711 /* SBJsonStreamWriterAccumulator.m */; };
		D9CB16D319E815BA00556711 /* SBJsonStreamWriterState.m in Sources */ = {isa = PBXBuildFile; fileRef = D9CB16C419E815BA00556711 /* SBJsonStreamWriterState.m */; };
		D9CB16D419E815BA00556711 /* SBJsonTokeniser.m in Sources */ = {isa = PBXBuildFile; fileRef = D9CB16C619E815BA00556711 /* SBJsonTokeniser.m */; };
		D9CB16D519E815BA00556711 /* SBJsonUTF8Stream.m in Sources */ = {isa = PBXBuildFile; fileRef = D9CB16C819E815BA00556711 /* SBJsonUTF8Stream.m */; };
		D9CB16D619E815BA00556711 /* SBJsonWriter.m in Sources */ = {isa = PBXBuildFile; fileRef = D9CB16CA19E815BA00556711 /* SBJsonWriter.m */; };
		D9CB16D919E82B7A00556711 /* baterry-bg@2x.png in Resources */ = {isa = PBXBuildFile; fileRef = D9CB16D719E82B7A00556711 /* baterry-bg@2x.png */; };
		D9CB16DA19E82B7A00556711 /* baterry-energy@2x.png in Resources */ = {isa = PBXBuildFile; fileRef = D9CB16D819E82B7A00556711 /* baterry-energy@2x.png */; };
		D9CB16DD19E8303A00556711 /* button-disabled@2x.png in Resources */ = {isa = PBXBuildFile; fileRef = D9CB16DB19E8303A00556711 /* button-disabled@2x.png */; };
		D9CB16DE19E8303A00556711 /* button-enabled@2x.png in Resources */ = {isa = PBXBuildFile; fileRef = D9CB16DC19E8303A00556711 /* button-enabled@2x.png */; };
		D9CB16E119E8389F00556711 /* bg.png in Resources */ = {isa = PBXBuildFile; fileRef = D9CB16DF19E8389F00556711 /* bg.png */; };
		D9CB16E219E8389F00556711 /* bg@2x.png in Resources */ = {isa = PBXBuildFile; fileRef = D9CB16E019E8389F00556711 /* bg@2x.png */; };
/* End PBXBuildFile section */

/* Begin PBXContainerItemProxy section */
		D915152619E80D7E00185B64 /* PBXContainerItemProxy */ = {
			isa = PBXContainerItemProxy;
			containerPortal = D915150419E80D7D00185B64 /* Project object */;
			proxyType = 1;
			remoteGlobalIDString = D915150B19E80D7D00185B64;
			remoteInfo = RobotoPult;
		};
/* End PBXContainerItemProxy section */

/* Begin PBXFileReference section */
		9751A3DF19E9163800F48973 /* hand-8921-disabled@2x.png */ = {isa = PBXFileReference; lastKnownFileType = image.png; path = "hand-8921-disabled@2x.png"; sourceTree = "<group>"; };
		9751A3E019E9163800F48973 /* hand-8921-enabled@2x.png */ = {isa = PBXFileReference; lastKnownFileType = image.png; path = "hand-8921-enabled@2x.png"; sourceTree = "<group>"; };
		9751A3E119E9163800F48973 /* hand-8925-disabled@2x.png */ = {isa = PBXFileReference; lastKnownFileType = image.png; path = "hand-8925-disabled@2x.png"; sourceTree = "<group>"; };
		9751A3E219E9163800F48973 /* hand-8925-enabled@2x.png */ = {isa = PBXFileReference; lastKnownFileType = image.png; path = "hand-8925-enabled@2x.png"; sourceTree = "<group>"; };
		9751A3E319E9163800F48973 /* hand-8926-disabled@2x.png */ = {isa = PBXFileReference; lastKnownFileType = image.png; path = "hand-8926-disabled@2x.png"; sourceTree = "<group>"; };
		9751A3E419E9163800F48973 /* hand-8926-enabled@2x.png */ = {isa = PBXFileReference; lastKnownFileType = image.png; path = "hand-8926-enabled@2x.png"; sourceTree = "<group>"; };
		9751A3E519E9163800F48973 /* hand-8931-disabled@2x.png */ = {isa = PBXFileReference; lastKnownFileType = image.png; path = "hand-8931-disabled@2x.png"; sourceTree = "<group>"; };
		9751A3E619E9163800F48973 /* hand-8931-enabled@2x.png */ = {isa = PBXFileReference; lastKnownFileType = image.png; path = "hand-8931-enabled@2x.png"; sourceTree = "<group>"; };
		9751A3E719E9163800F48973 /* hand-8935-disabled@2x.png */ = {isa = PBXFileReference; lastKnownFileType = image.png; path = "hand-8935-disabled@2x.png"; sourceTree = "<group>"; };
		9751A3E819E9163800F48973 /* hand-8935-enabled@2x.png */ = {isa = PBXFileReference; lastKnownFileType = image.png; path = "hand-8935-enabled@2x.png"; sourceTree = "<group>"; };
		9751A3E919E9163800F48973 /* hand-8948-disabled@2x.png */ = {isa = PBXFileReference; lastKnownFileType = image.png; path = "hand-8948-disabled@2x.png"; sourceTree = "<group>"; };
		9751A3EA19E9163800F48973 /* hand-8948-enabled@2x.png */ = {isa = PBXFileReference; lastKnownFileType = image.png; path = "hand-8948-enabled@2x.png"; sourceTree = "<group>"; };
		9751A3EB19E9163800F48973 /* hand-8952-disabled@2x.png */ = {isa = PBXFileReference; lastKnownFileType = image.png; path = "hand-8952-disabled@2x.png"; sourceTree = "<group>"; };
		9751A3EC19E9163800F48973 /* hand-8952-enabled@2x.png */ = {isa = PBXFileReference; lastKnownFileType = image.png; path = "hand-8952-enabled@2x.png"; sourceTree = "<group>"; };
		9751A3FC19E916B400F48973 /* Defines.h */ = {isa = PBXFileReference; fileEncoding = 4; lastKnownFileType = sourcecode.c.h; path = Defines.h; sourceTree = "<group>"; };
		9751A3FD19E916B400F48973 /* Defines.m */ = {isa = PBXFileReference; fileEncoding = 4; lastKnownFileType = sourcecode.c.objc; path = Defines.m; sourceTree = "<group>"; };
		9751A3FF19E91E3C00F48973 /* hand-8942-disabled@2x.png */ = {isa = PBXFileReference; lastKnownFileType = image.png; path = "hand-8942-disabled@2x.png"; sourceTree = "<group>"; };
		9751A40019E91E3C00F48973 /* hand-8942-enabled@2x.png */ = {isa = PBXFileReference; lastKnownFileType = image.png; path = "hand-8942-enabled@2x.png"; sourceTree = "<group>"; };
		9751A40319E921F000F48973 /* hand-8900-disabled@2x.png */ = {isa = PBXFileReference; lastKnownFileType = image.png; path = "hand-8900-disabled@2x.png"; sourceTree = "<group>"; };
		9751A40419E921F000F48973 /* hand-8900-enabled@2x.png */ = {isa = PBXFileReference; lastKnownFileType = image.png; path = "hand-8900-enabled@2x.png"; sourceTree = "<group>"; };
		9751A40719E92A1D00F48973 /* hand-0000-disabled@2x.png */ = {isa = PBXFileReference; lastKnownFileType = image.png; path = "hand-0000-disabled@2x.png"; sourceTree = "<group>"; };
		9751A40819E92A1D00F48973 /* hand-0000-enabled@2x.png */ = {isa = PBXFileReference; lastKnownFileType = image.png; path = "hand-0000-enabled@2x.png"; sourceTree = "<group>"; };
		97D36D8719E87C2600402794 /* ZhenyaConnection.h */ = {isa = PBXFileReference; fileEncoding = 4; lastKnownFileType = sourcecode.c.h; path = ZhenyaConnection.h; sourceTree = "<group>"; };
		97D36D8819E87C2600402794 /* ZhenyaConnection.m */ = {isa = PBXFileReference; fileEncoding = 4; lastKnownFileType = sourcecode.c.objc; path = ZhenyaConnection.m; sourceTree = "<group>"; };
		D915150C19E80D7D00185B64 /* RobotoPult.app */ = {isa = PBXFileReference; explicitFileType = wrapper.application; includeInIndex = 0; path = RobotoPult.app; sourceTree = BUILT_PRODUCTS_DIR; };
		D915151019E80D7D00185B64 /* Info.plist */ = {isa = PBXFileReference; lastKnownFileType = text.plist.xml; path = Info.plist; sourceTree = "<group>"; };
		D915151119E80D7D00185B64 /* main.m */ = {isa = PBXFileReference; lastKnownFileType = sourcecode.c.objc; path = main.m; sourceTree = "<group>"; };
		D915151319E80D7D00185B64 /* AppDelegate.h */ = {isa = PBXFileReference; lastKnownFileType = sourcecode.c.h; path = AppDelegate.h; sourceTree = "<group>"; };
		D915151419E80D7D00185B64 /* AppDelegate.m */ = {isa = PBXFileReference; lastKnownFileType = sourcecode.c.objc; path = AppDelegate.m; sourceTree = "<group>"; };
		D915151A19E80D7D00185B64 /* Base */ = {isa = PBXFileReference; lastKnownFileType = file.storyboard; name = Base; path = Base.lproj/Main.storyboard; sourceTree = "<group>"; };
		D915151C19E80D7D00185B64 /* Images.xcassets */ = {isa = PBXFileReference; lastKnownFileType = folder.assetcatalog; path = Images.xcassets; sourceTree = "<group>"; };
		D915151F19E80D7D00185B64 /* Base */ = {isa = PBXFileReference; lastKnownFileType = file.xib; name = Base; path = Base.lproj/LaunchScreen.xib; sourceTree = "<group>"; };
		D915152519E80D7E00185B64 /* RobotoPultTests.xctest */ = {isa = PBXFileReference; explicitFileType = wrapper.cfbundle; includeInIndex = 0; path = RobotoPultTests.xctest; sourceTree = BUILT_PRODUCTS_DIR; };
		D915152A19E80D7E00185B64 /* Info.plist */ = {isa = PBXFileReference; lastKnownFileType = text.plist.xml; path = Info.plist; sourceTree = "<group>"; };
		D915152B19E80D7E00185B64 /* RobotoPultTests.m */ = {isa = PBXFileReference; lastKnownFileType = sourcecode.c.objc; path = RobotoPultTests.m; sourceTree = "<group>"; };
		D915153719E80F9500185B64 /* robod-100.png */ = {isa = PBXFileReference; lastKnownFileType = image.png; path = "robod-100.png"; sourceTree = "<group>"; };
		D915153819E80F9500185B64 /* robod-114.png */ = {isa = PBXFileReference; lastKnownFileType = image.png; path = "robod-114.png"; sourceTree = "<group>"; };
		D915153919E80F9500185B64 /* robod-120.png */ = {isa = PBXFileReference; lastKnownFileType = image.png; path = "robod-120.png"; sourceTree = "<group>"; };
		D915153A19E80F9500185B64 /* robod-144.png */ = {isa = PBXFileReference; lastKnownFileType = image.png; path = "robod-144.png"; sourceTree = "<group>"; };
		D915153B19E80F9500185B64 /* robod-152.png */ = {isa = PBXFileReference; lastKnownFileType = image.png; path = "robod-152.png"; sourceTree = "<group>"; };
		D915153C19E80F9500185B64 /* robod-29.png */ = {isa = PBXFileReference; lastKnownFileType = image.png; path = "robod-29.png"; sourceTree = "<group>"; };
		D915153D19E80F9500185B64 /* robod-40.png */ = {isa = PBXFileReference; lastKnownFileType = image.png; path = "robod-40.png"; sourceTree = "<group>"; };
		D915153E19E80F9500185B64 /* robod-50.png */ = {isa = PBXFileReference; lastKnownFileType = image.png; path = "robod-50.png"; sourceTree = "<group>"; };
		D915153F19E80F9500185B64 /* robod-57.png */ = {isa = PBXFileReference; lastKnownFileType = image.png; path = "robod-57.png"; sourceTree = "<group>"; };
		D915154019E80F9500185B64 /* robod-58.png */ = {isa = PBXFileReference; lastKnownFileType = image.png; path = "robod-58.png"; sourceTree = "<group>"; };
		D915154119E80F9500185B64 /* robod-60.png */ = {isa = PBXFileReference; lastKnownFileType = image.png; path = "robod-60.png"; sourceTree = "<group>"; };
		D915154219E80F9500185B64 /* robod-72.png */ = {isa = PBXFileReference; lastKnownFileType = image.png; path = "robod-72.png"; sourceTree = "<group>"; };
		D915154319E80F9500185B64 /* robod-76.png */ = {isa = PBXFileReference; lastKnownFileType = image.png; path = "robod-76.png"; sourceTree = "<group>"; };
		D915154419E80F9500185B64 /* robod-80.png */ = {isa = PBXFileReference; lastKnownFileType = image.png; path = "robod-80.png"; sourceTree = "<group>"; };
		D9CB14B619E811A100556711 /* ViewController.h */ = {isa = PBXFileReference; fileEncoding = 4; lastKnownFileType = sourcecode.c.h; path = ViewController.h; sourceTree = "<group>"; };
		D9CB14B719E811A100556711 /* ViewController.m */ = {isa = PBXFileReference; fileEncoding = 4; lastKnownFileType = sourcecode.c.objc; path = ViewController.m; sourceTree = "<group>"; };
		D9CB14B819E811A100556711 /* ViewController.xib */ = {isa = PBXFileReference; fileEncoding = 4; lastKnownFileType = file.xib; path = ViewController.xib; sourceTree = "<group>"; };
		D9CB14BF19E8140F00556711 /* Documentation.html */ = {isa = PBXFileReference; fileEncoding = 4; lastKnownFileType = text.html; path = Documentation.html; sourceTree = "<group>"; };
		D9CB14C019E8140F00556711 /* GCDAsyncSocket.h */ = {isa = PBXFileReference; fileEncoding = 4; lastKnownFileType = sourcecode.c.h; path = GCDAsyncSocket.h; sourceTree = "<group>"; };
		D9CB14C119E8140F00556711 /* GCDAsyncSocket.m */ = {isa = PBXFileReference; fileEncoding = 4; lastKnownFileType = sourcecode.c.objc; path = GCDAsyncSocket.m; sourceTree = "<group>"; };
		D9CB14C219E8140F00556711 /* GCDAsyncUdpSocket.h */ = {isa = PBXFileReference; fileEncoding = 4; lastKnownFileType = sourcecode.c.h; path = GCDAsyncUdpSocket.h; sourceTree = "<group>"; };
		D9CB14C319E8140F00556711 /* GCDAsyncUdpSocket.m */ = {isa = PBXFileReference; fileEncoding = 4; lastKnownFileType = sourcecode.c.objc; path = GCDAsyncUdpSocket.m; sourceTree = "<group>"; };
		D9CB15A219E8141000556711 /* AsyncSocket.h */ = {isa = PBXFileReference; fileEncoding = 4; lastKnownFileType = sourcecode.c.h; path = AsyncSocket.h; sourceTree = "<group>"; };
		D9CB15A319E8141000556711 /* AsyncSocket.m */ = {isa = PBXFileReference; fileEncoding = 4; lastKnownFileType = sourcecode.c.objc; path = AsyncSocket.m; sourceTree = "<group>"; };
		D9CB15A419E8141000556711 /* AsyncUdpSocket.h */ = {isa = PBXFileReference; fileEncoding = 4; lastKnownFileType = sourcecode.c.h; path = AsyncUdpSocket.h; sourceTree = "<group>"; };
		D9CB15A519E8141000556711 /* AsyncUdpSocket.m */ = {isa = PBXFileReference; fileEncoding = 4; lastKnownFileType = sourcecode.c.objc; path = AsyncUdpSocket.m; sourceTree = "<group>"; };
		D9CB15A619E8141000556711 /* Documentation.html */ = {isa = PBXFileReference; fileEncoding = 4; lastKnownFileType = text.html; path = Documentation.html; sourceTree = "<group>"; };
		D9CB15E819E8141000556711 /* DDAbstractDatabaseLogger.h */ = {isa = PBXFileReference; fileEncoding = 4; lastKnownFileType = sourcecode.c.h; path = DDAbstractDatabaseLogger.h; sourceTree = "<group>"; };
		D9CB15E919E8141000556711 /* DDAbstractDatabaseLogger.m */ = {isa = PBXFileReference; fileEncoding = 4; lastKnownFileType = sourcecode.c.objc; path = DDAbstractDatabaseLogger.m; sourceTree = "<group>"; };
		D9CB15EA19E8141000556711 /* DDASLLogger.h */ = {isa = PBXFileReference; fileEncoding = 4; lastKnownFileType = sourcecode.c.h; path = DDASLLogger.h; sourceTree = "<group>"; };
		D9CB15EB19E8141000556711 /* DDASLLogger.m */ = {isa = PBXFileReference; fileEncoding = 4; lastKnownFileType = sourcecode.c.objc; path = DDASLLogger.m; sourceTree = "<group>"; };
		D9CB15EC19E8141000556711 /* DDFileLogger.h */ = {isa = PBXFileReference; fileEncoding = 4; lastKnownFileType = sourcecode.c.h; path = DDFileLogger.h; sourceTree = "<group>"; };
		D9CB15ED19E8141000556711 /* DDFileLogger.m */ = {isa = PBXFileReference; fileEncoding = 4; lastKnownFileType = sourcecode.c.objc; path = DDFileLogger.m; sourceTree = "<group>"; };
		D9CB15EE19E8141000556711 /* DDLog+LOGV.h */ = {isa = PBXFileReference; fileEncoding = 4; lastKnownFileType = sourcecode.c.h; path = "DDLog+LOGV.h"; sourceTree = "<group>"; };
		D9CB15EF19E8141000556711 /* DDLog.h */ = {isa = PBXFileReference; fileEncoding = 4; lastKnownFileType = sourcecode.c.h; path = DDLog.h; sourceTree = "<group>"; };
		D9CB15F019E8141000556711 /* DDLog.m */ = {isa = PBXFileReference; fileEncoding = 4; lastKnownFileType = sourcecode.c.objc; path = DDLog.m; sourceTree = "<group>"; };
		D9CB15F119E8141000556711 /* DDTTYLogger.h */ = {isa = PBXFileReference; fileEncoding = 4; lastKnownFileType = sourcecode.c.h; path = DDTTYLogger.h; sourceTree = "<group>"; };
		D9CB15F219E8141000556711 /* DDTTYLogger.m */ = {isa = PBXFileReference; fileEncoding = 4; lastKnownFileType = sourcecode.c.objc; path = DDTTYLogger.m; sourceTree = "<group>"; };
		D9CB15F419E8141000556711 /* DDContextFilterLogFormatter.h */ = {isa = PBXFileReference; fileEncoding = 4; lastKnownFileType = sourcecode.c.h; path = DDContextFilterLogFormatter.h; sourceTree = "<group>"; };
		D9CB15F519E8141000556711 /* DDContextFilterLogFormatter.m */ = {isa = PBXFileReference; fileEncoding = 4; lastKnownFileType = sourcecode.c.objc; path = DDContextFilterLogFormatter.m; sourceTree = "<group>"; };
		D9CB15F619E8141000556711 /* DDDispatchQueueLogFormatter.h */ = {isa = PBXFileReference; fileEncoding = 4; lastKnownFileType = sourcecode.c.h; path = DDDispatchQueueLogFormatter.h; sourceTree = "<group>"; };
		D9CB15F719E8141000556711 /* DDDispatchQueueLogFormatter.m */ = {isa = PBXFileReference; fileEncoding = 4; lastKnownFileType = sourcecode.c.objc; path = DDDispatchQueueLogFormatter.m; sourceTree = "<group>"; };
		D9CB15F819E8141000556711 /* DDMultiFormatter.h */ = {isa = PBXFileReference; fileEncoding = 4; lastKnownFileType = sourcecode.c.h; path = DDMultiFormatter.h; sourceTree = "<group>"; };
		D9CB15F919E8141000556711 /* DDMultiFormatter.m */ = {isa = PBXFileReference; fileEncoding = 4; lastKnownFileType = sourcecode.c.objc; path = DDMultiFormatter.m; sourceTree = "<group>"; };
		D9CB15FA19E8141000556711 /* README.txt */ = {isa = PBXFileReference; fileEncoding = 4; lastKnownFileType = text; path = README.txt; sourceTree = "<group>"; };
		D9CB16B219E815BA00556711 /* NSObject+SBJson.h */ = {isa = PBXFileReference; fileEncoding = 4; lastKnownFileType = sourcecode.c.h; path = "NSObject+SBJson.h"; sourceTree = "<group>"; };
		D9CB16B319E815BA00556711 /* NSObject+SBJson.m */ = {isa = PBXFileReference; fileEncoding = 4; lastKnownFileType = sourcecode.c.objc; path = "NSObject+SBJson.m"; sourceTree = "<group>"; };
		D9CB16B419E815BA00556711 /* SBJson.h */ = {isa = PBXFileReference; fileEncoding = 4; lastKnownFileType = sourcecode.c.h; path = SBJson.h; sourceTree = "<group>"; };
		D9CB16B519E815BA00556711 /* SBJsonParser.h */ = {isa = PBXFileReference; fileEncoding = 4; lastKnownFileType = sourcecode.c.h; path = SBJsonParser.h; sourceTree = "<group>"; };
		D9CB16B619E815BA00556711 /* SBJsonParser.m */ = {isa = PBXFileReference; fileEncoding = 4; lastKnownFileType = sourcecode.c.objc; path = SBJsonParser.m; sourceTree = "<group>"; };
		D9CB16B719E815BA00556711 /* SBJsonStreamParser.h */ = {isa = PBXFileReference; fileEncoding = 4; lastKnownFileType = sourcecode.c.h; path = SBJsonStreamParser.h; sourceTree = "<group>"; };
		D9CB16B819E815BA00556711 /* SBJsonStreamParser.m */ = {isa = PBXFileReference; fileEncoding = 4; lastKnownFileType = sourcecode.c.objc; path = SBJsonStreamParser.m; sourceTree = "<group>"; };
		D9CB16B919E815BA00556711 /* SBJsonStreamParserAccumulator.h */ = {isa = PBXFileReference; fileEncoding = 4; lastKnownFileType = sourcecode.c.h; path = SBJsonStreamParserAccumulator.h; sourceTree = "<group>"; };
		D9CB16BA19E815BA00556711 /* SBJsonStreamParserAccumulator.m */ = {isa = PBXFileReference; fileEncoding = 4; lastKnownFileType = sourcecode.c.objc; path = SBJsonStreamParserAccumulator.m; sourceTree = "<group>"; };
		D9CB16BB19E815BA00556711 /* SBJsonStreamParserAdapter.h */ = {isa = PBXFileReference; fileEncoding = 4; lastKnownFileType = sourcecode.c.h; path = SBJsonStreamParserAdapter.h; sourceTree = "<group>"; };
		D9CB16BC19E815BA00556711 /* SBJsonStreamParserAdapter.m */ = {isa = PBXFileReference; fileEncoding = 4; lastKnownFileType = sourcecode.c.objc; path = SBJsonStreamParserAdapter.m; sourceTree = "<group>"; };
		D9CB16BD19E815BA00556711 /* SBJsonStreamParserState.h */ = {isa = PBXFileReference; fileEncoding = 4; lastKnownFileType = sourcecode.c.h; path = SBJsonStreamParserState.h; sourceTree = "<group>"; };
		D9CB16BE19E815BA00556711 /* SBJsonStreamParserState.m */ = {isa = PBXFileReference; fileEncoding = 4; lastKnownFileType = sourcecode.c.objc; path = SBJsonStreamParserState.m; sourceTree = "<group>"; };
		D9CB16BF19E815BA00556711 /* SBJsonStreamWriter.h */ = {isa = PBXFileReference; fileEncoding = 4; lastKnownFileType = sourcecode.c.h; path = SBJsonStreamWriter.h; sourceTree = "<group>"; };
		D9CB16C019E815BA00556711 /* SBJsonStreamWriter.m */ = {isa = PBXFileReference; fileEncoding = 4; lastKnownFileType = sourcecode.c.objc; path = SBJsonStreamWriter.m; sourceTree = "<group>"; };
		D9CB16C119E815BA00556711 /* SBJsonStreamWriterAccumulator.h */ = {isa = PBXFileReference; fileEncoding = 4; lastKnownFileType = sourcecode.c.h; path = SBJsonStreamWriterAccumulator.h; sourceTree = "<group>"; };
		D9CB16C219E815BA00556711 /* SBJsonStreamWriterAccumulator.m */ = {isa = PBXFileReference; fileEncoding = 4; lastKnownFileType = sourcecode.c.objc; path = SBJsonStreamWriterAccumulator.m; sourceTree = "<group>"; };
		D9CB16C319E815BA00556711 /* SBJsonStreamWriterState.h */ = {isa = PBXFileReference; fileEncoding = 4; lastKnownFileType = sourcecode.c.h; path = SBJsonStreamWriterState.h; sourceTree = "<group>"; };
		D9CB16C419E815BA00556711 /* SBJsonStreamWriterState.m */ = {isa = PBXFileReference; fileEncoding = 4; lastKnownFileType = sourcecode.c.objc; path = SBJsonStreamWriterState.m; sourceTree = "<group>"; };
		D9CB16C519E815BA00556711 /* SBJsonTokeniser.h */ = {isa = PBXFileReference; fileEncoding = 4; lastKnownFileType = sourcecode.c.h; path = SBJsonTokeniser.h; sourceTree = "<group>"; };
		D9CB16C619E815BA00556711 /* SBJsonTokeniser.m */ = {isa = PBXFileReference; fileEncoding = 4; lastKnownFileType = sourcecode.c.objc; path = SBJsonTokeniser.m; sourceTree = "<group>"; };
		D9CB16C719E815BA00556711 /* SBJsonUTF8Stream.h */ = {isa = PBXFileReference; fileEncoding = 4; lastKnownFileType = sourcecode.c.h; path = SBJsonUTF8Stream.h; sourceTree = "<group>"; };
		D9CB16C819E815BA00556711 /* SBJsonUTF8Stream.m */ = {isa = PBXFileReference; fileEncoding = 4; lastKnownFileType = sourcecode.c.objc; path = SBJsonUTF8Stream.m; sourceTree = "<group>"; };
		D9CB16C919E815BA00556711 /* SBJsonWriter.h */ = {isa = PBXFileReference; fileEncoding = 4; lastKnownFileType = sourcecode.c.h; path = SBJsonWriter.h; sourceTree = "<group>"; };
		D9CB16CA19E815BA00556711 /* SBJsonWriter.m */ = {isa = PBXFileReference; fileEncoding = 4; lastKnownFileType = sourcecode.c.objc; path = SBJsonWriter.m; sourceTree = "<group>"; };
		D9CB16D719E82B7A00556711 /* baterry-bg@2x.png */ = {isa = PBXFileReference; lastKnownFileType = image.png; path = "baterry-bg@2x.png"; sourceTree = "<group>"; };
		D9CB16D819E82B7A00556711 /* baterry-energy@2x.png */ = {isa = PBXFileReference; lastKnownFileType = image.png; path = "baterry-energy@2x.png"; sourceTree = "<group>"; };
		D9CB16DB19E8303A00556711 /* button-disabled@2x.png */ = {isa = PBXFileReference; lastKnownFileType = image.png; path = "button-disabled@2x.png"; sourceTree = "<group>"; };
		D9CB16DC19E8303A00556711 /* button-enabled@2x.png */ = {isa = PBXFileReference; lastKnownFileType = image.png; path = "button-enabled@2x.png"; sourceTree = "<group>"; };
		D9CB16DF19E8389F00556711 /* bg.png */ = {isa = PBXFileReference; lastKnownFileType = image.png; path = bg.png; sourceTree = "<group>"; };
		D9CB16E019E8389F00556711 /* bg@2x.png */ = {isa = PBXFileReference; lastKnownFileType = image.png; path = "bg@2x.png"; sourceTree = "<group>"; };
/* End PBXFileReference section */

/* Begin PBXFrameworksBuildPhase section */
		D915150919E80D7D00185B64 /* Frameworks */ = {
			isa = PBXFrameworksBuildPhase;
			buildActionMask = 2147483647;
			files = (
			);
			runOnlyForDeploymentPostprocessing = 0;
		};
		D915152219E80D7E00185B64 /* Frameworks */ = {
			isa = PBXFrameworksBuildPhase;
			buildActionMask = 2147483647;
			files = (
			);
			runOnlyForDeploymentPostprocessing = 0;
		};
/* End PBXFrameworksBuildPhase section */

/* Begin PBXGroup section */
		9751A3DE19E9163800F48973 /* Hands */ = {
			isa = PBXGroup;
			children = (
				9751A40719E92A1D00F48973 /* hand-0000-disabled@2x.png */,
				9751A40819E92A1D00F48973 /* hand-0000-enabled@2x.png */,
				9751A40319E921F000F48973 /* hand-8900-disabled@2x.png */,
				9751A40419E921F000F48973 /* hand-8900-enabled@2x.png */,
				9751A3FF19E91E3C00F48973 /* hand-8942-disabled@2x.png */,
				9751A40019E91E3C00F48973 /* hand-8942-enabled@2x.png */,
				9751A3DF19E9163800F48973 /* hand-8921-disabled@2x.png */,
				9751A3E019E9163800F48973 /* hand-8921-enabled@2x.png */,
				9751A3E119E9163800F48973 /* hand-8925-disabled@2x.png */,
				9751A3E219E9163800F48973 /* hand-8925-enabled@2x.png */,
				9751A3E319E9163800F48973 /* hand-8926-disabled@2x.png */,
				9751A3E419E9163800F48973 /* hand-8926-enabled@2x.png */,
				9751A3E519E9163800F48973 /* hand-8931-disabled@2x.png */,
				9751A3E619E9163800F48973 /* hand-8931-enabled@2x.png */,
				9751A3E719E9163800F48973 /* hand-8935-disabled@2x.png */,
				9751A3E819E9163800F48973 /* hand-8935-enabled@2x.png */,
				9751A3E919E9163800F48973 /* hand-8948-disabled@2x.png */,
				9751A3EA19E9163800F48973 /* hand-8948-enabled@2x.png */,
				9751A3EB19E9163800F48973 /* hand-8952-disabled@2x.png */,
				9751A3EC19E9163800F48973 /* hand-8952-enabled@2x.png */,
			);
			path = Hands;
			sourceTree = "<group>";
		};
		D915150319E80D7D00185B64 = {
			isa = PBXGroup;
			children = (
				D9CB16B019E815AC00556711 /* Source */,
				D915153519E80F9500185B64 /* Resourses */,
				D915150E19E80D7D00185B64 /* RobotoPult */,
				D915152819E80D7E00185B64 /* RobotoPultTests */,
				D915150D19E80D7D00185B64 /* Products */,
			);
			sourceTree = "<group>";
		};
		D915150D19E80D7D00185B64 /* Products */ = {
			isa = PBXGroup;
			children = (
				D915150C19E80D7D00185B64 /* RobotoPult.app */,
				D915152519E80D7E00185B64 /* RobotoPultTests.xctest */,
			);
			name = Products;
			sourceTree = "<group>";
		};
		D915150E19E80D7D00185B64 /* RobotoPult */ = {
			isa = PBXGroup;
			children = (
				D915151319E80D7D00185B64 /* AppDelegate.h */,
				D915151419E80D7D00185B64 /* AppDelegate.m */,
				D9CB14B619E811A100556711 /* ViewController.h */,
				D9CB14B719E811A100556711 /* ViewController.m */,
				D9CB14B819E811A100556711 /* ViewController.xib */,
				97D36D8719E87C2600402794 /* ZhenyaConnection.h */,
				97D36D8819E87C2600402794 /* ZhenyaConnection.m */,
				9751A3FC19E916B400F48973 /* Defines.h */,
				9751A3FD19E916B400F48973 /* Defines.m */,
				D915151919E80D7D00185B64 /* Main.storyboard */,
				D915151C19E80D7D00185B64 /* Images.xcassets */,
				D915151E19E80D7D00185B64 /* LaunchScreen.xib */,
				D915150F19E80D7D00185B64 /* Supporting Files */,
			);
			path = RobotoPult;
			sourceTree = "<group>";
		};
		D915150F19E80D7D00185B64 /* Supporting Files */ = {
			isa = PBXGroup;
			children = (
				D915151019E80D7D00185B64 /* Info.plist */,
				D915151119E80D7D00185B64 /* main.m */,
			);
			name = "Supporting Files";
			sourceTree = "<group>";
		};
		D915152819E80D7E00185B64 /* RobotoPultTests */ = {
			isa = PBXGroup;
			children = (
				D915152B19E80D7E00185B64 /* RobotoPultTests.m */,
				D915152919E80D7E00185B64 /* Supporting Files */,
			);
			path = RobotoPultTests;
			sourceTree = "<group>";
		};
		D915152919E80D7E00185B64 /* Supporting Files */ = {
			isa = PBXGroup;
			children = (
				D915152A19E80D7E00185B64 /* Info.plist */,
			);
			name = "Supporting Files";
			sourceTree = "<group>";
		};
		D915153519E80F9500185B64 /* Resourses */ = {
			isa = PBXGroup;
			children = (
				9751A3DE19E9163800F48973 /* Hands */,
				D915153619E80F9500185B64 /* Icons */,
				D9CB16DF19E8389F00556711 /* bg.png */,
				D9CB16E019E8389F00556711 /* bg@2x.png */,
				D9CB16DB19E8303A00556711 /* button-disabled@2x.png */,
				D9CB16DC19E8303A00556711 /* button-enabled@2x.png */,
				D9CB16D719E82B7A00556711 /* baterry-bg@2x.png */,
				D9CB16D819E82B7A00556711 /* baterry-energy@2x.png */,
			);
			name = Resourses;
			path = RobotoPult/Resourses;
			sourceTree = "<group>";
		};
		D915153619E80F9500185B64 /* Icons */ = {
			isa = PBXGroup;
			children = (
				D915153719E80F9500185B64 /* robod-100.png */,
				D915153819E80F9500185B64 /* robod-114.png */,
				D915153919E80F9500185B64 /* robod-120.png */,
				D915153A19E80F9500185B64 /* robod-144.png */,
				D915153B19E80F9500185B64 /* robod-152.png */,
				D915153C19E80F9500185B64 /* robod-29.png */,
				D915153D19E80F9500185B64 /* robod-40.png */,
				D915153E19E80F9500185B64 /* robod-50.png */,
				D915153F19E80F9500185B64 /* robod-57.png */,
				D915154019E80F9500185B64 /* robod-58.png */,
				D915154119E80F9500185B64 /* robod-60.png */,
				D915154219E80F9500185B64 /* robod-72.png */,
				D915154319E80F9500185B64 /* robod-76.png */,
				D915154419E80F9500185B64 /* robod-80.png */,
			);
			path = Icons;
			sourceTree = "<group>";
		};
		D9CB14BB19E8140F00556711 /* CocoaAsyncSocket-master */ = {
			isa = PBXGroup;
			children = (
				D9CB14BE19E8140F00556711 /* GCD */,
				D9CB15A119E8141000556711 /* RunLoop */,
				D9CB15E619E8141000556711 /* Vendor */,
			);
			name = "CocoaAsyncSocket-master";
			path = "RobotoPult/Source/CocoaAsyncSocket-master";
			sourceTree = "<group>";
		};
		D9CB14BE19E8140F00556711 /* GCD */ = {
			isa = PBXGroup;
			children = (
				D9CB14BF19E8140F00556711 /* Documentation.html */,
				D9CB14C019E8140F00556711 /* GCDAsyncSocket.h */,
				D9CB14C119E8140F00556711 /* GCDAsyncSocket.m */,
				D9CB14C219E8140F00556711 /* GCDAsyncUdpSocket.h */,
				D9CB14C319E8140F00556711 /* GCDAsyncUdpSocket.m */,
			);
			path = GCD;
			sourceTree = "<group>";
		};
		D9CB15A119E8141000556711 /* RunLoop */ = {
			isa = PBXGroup;
			children = (
				D9CB15A219E8141000556711 /* AsyncSocket.h */,
				D9CB15A319E8141000556711 /* AsyncSocket.m */,
				D9CB15A419E8141000556711 /* AsyncUdpSocket.h */,
				D9CB15A519E8141000556711 /* AsyncUdpSocket.m */,
				D9CB15A619E8141000556711 /* Documentation.html */,
			);
			path = RunLoop;
			sourceTree = "<group>";
		};
		D9CB15E619E8141000556711 /* Vendor */ = {
			isa = PBXGroup;
			children = (
				D9CB15E719E8141000556711 /* CocoaLumberjack */,
			);
			path = Vendor;
			sourceTree = "<group>";
		};
		D9CB15E719E8141000556711 /* CocoaLumberjack */ = {
			isa = PBXGroup;
			children = (
				D9CB15E819E8141000556711 /* DDAbstractDatabaseLogger.h */,
				D9CB15E919E8141000556711 /* DDAbstractDatabaseLogger.m */,
				D9CB15EA19E8141000556711 /* DDASLLogger.h */,
				D9CB15EB19E8141000556711 /* DDASLLogger.m */,
				D9CB15EC19E8141000556711 /* DDFileLogger.h */,
				D9CB15ED19E8141000556711 /* DDFileLogger.m */,
				D9CB15EE19E8141000556711 /* DDLog+LOGV.h */,
				D9CB15EF19E8141000556711 /* DDLog.h */,
				D9CB15F019E8141000556711 /* DDLog.m */,
				D9CB15F119E8141000556711 /* DDTTYLogger.h */,
				D9CB15F219E8141000556711 /* DDTTYLogger.m */,
				D9CB15F319E8141000556711 /* Extensions */,
			);
			path = CocoaLumberjack;
			sourceTree = "<group>";
		};
		D9CB15F319E8141000556711 /* Extensions */ = {
			isa = PBXGroup;
			children = (
				D9CB15F419E8141000556711 /* DDContextFilterLogFormatter.h */,
				D9CB15F519E8141000556711 /* DDContextFilterLogFormatter.m */,
				D9CB15F619E8141000556711 /* DDDispatchQueueLogFormatter.h */,
				D9CB15F719E8141000556711 /* DDDispatchQueueLogFormatter.m */,
				D9CB15F819E8141000556711 /* DDMultiFormatter.h */,
				D9CB15F919E8141000556711 /* DDMultiFormatter.m */,
				D9CB15FA19E8141000556711 /* README.txt */,
			);
			path = Extensions;
			sourceTree = "<group>";
		};
		D9CB16B019E815AC00556711 /* Source */ = {
			isa = PBXGroup;
			children = (
				D9CB16B119E815BA00556711 /* JSON-ARC */,
				D9CB14BB19E8140F00556711 /* CocoaAsyncSocket-master */,
			);
			name = Source;
			sourceTree = "<group>";
		};
		D9CB16B119E815BA00556711 /* JSON-ARC */ = {
			isa = PBXGroup;
			children = (
				D9CB16B219E815BA00556711 /* NSObject+SBJson.h */,
				D9CB16B319E815BA00556711 /* NSObject+SBJson.m */,
				D9CB16B419E815BA00556711 /* SBJson.h */,
				D9CB16B519E815BA00556711 /* SBJsonParser.h */,
				D9CB16B619E815BA00556711 /* SBJsonParser.m */,
				D9CB16B719E815BA00556711 /* SBJsonStreamParser.h */,
				D9CB16B819E815BA00556711 /* SBJsonStreamParser.m */,
				D9CB16B919E815BA00556711 /* SBJsonStreamParserAccumulator.h */,
				D9CB16BA19E815BA00556711 /* SBJsonStreamParserAccumulator.m */,
				D9CB16BB19E815BA00556711 /* SBJsonStreamParserAdapter.h */,
				D9CB16BC19E815BA00556711 /* SBJsonStreamParserAdapter.m */,
				D9CB16BD19E815BA00556711 /* SBJsonStreamParserState.h */,
				D9CB16BE19E815BA00556711 /* SBJsonStreamParserState.m */,
				D9CB16BF19E815BA00556711 /* SBJsonStreamWriter.h */,
				D9CB16C019E815BA00556711 /* SBJsonStreamWriter.m */,
				D9CB16C119E815BA00556711 /* SBJsonStreamWriterAccumulator.h */,
				D9CB16C219E815BA00556711 /* SBJsonStreamWriterAccumulator.m */,
				D9CB16C319E815BA00556711 /* SBJsonStreamWriterState.h */,
				D9CB16C419E815BA00556711 /* SBJsonStreamWriterState.m */,
				D9CB16C519E815BA00556711 /* SBJsonTokeniser.h */,
				D9CB16C619E815BA00556711 /* SBJsonTokeniser.m */,
				D9CB16C719E815BA00556711 /* SBJsonUTF8Stream.h */,
				D9CB16C819E815BA00556711 /* SBJsonUTF8Stream.m */,
				D9CB16C919E815BA00556711 /* SBJsonWriter.h */,
				D9CB16CA19E815BA00556711 /* SBJsonWriter.m */,
			);
			name = "JSON-ARC";
			path = "RobotoPult/Source/JSON-ARC";
			sourceTree = "<group>";
		};
/* End PBXGroup section */

/* Begin PBXNativeTarget section */
		D915150B19E80D7D00185B64 /* RobotoPult */ = {
			isa = PBXNativeTarget;
			buildConfigurationList = D915152F19E80D7E00185B64 /* Build configuration list for PBXNativeTarget "RobotoPult" */;
			buildPhases = (
				D915150819E80D7D00185B64 /* Sources */,
				D915150919E80D7D00185B64 /* Frameworks */,
				D915150A19E80D7D00185B64 /* Resources */,
			);
			buildRules = (
			);
			dependencies = (
			);
			name = RobotoPult;
			productName = RobotoPult;
			productReference = D915150C19E80D7D00185B64 /* RobotoPult.app */;
			productType = "com.apple.product-type.application";
		};
		D915152419E80D7E00185B64 /* RobotoPultTests */ = {
			isa = PBXNativeTarget;
			buildConfigurationList = D915153219E80D7E00185B64 /* Build configuration list for PBXNativeTarget "RobotoPultTests" */;
			buildPhases = (
				D915152119E80D7E00185B64 /* Sources */,
				D915152219E80D7E00185B64 /* Frameworks */,
				D915152319E80D7E00185B64 /* Resources */,
			);
			buildRules = (
			);
			dependencies = (
				D915152719E80D7E00185B64 /* PBXTargetDependency */,
			);
			name = RobotoPultTests;
			productName = RobotoPultTests;
			productReference = D915152519E80D7E00185B64 /* RobotoPultTests.xctest */;
			productType = "com.apple.product-type.bundle.unit-test";
		};
/* End PBXNativeTarget section */

/* Begin PBXProject section */
		D915150419E80D7D00185B64 /* Project object */ = {
			isa = PBXProject;
			attributes = {
				LastUpgradeCheck = 0600;
				ORGANIZATIONNAME = com.robodem.hack;
				TargetAttributes = {
					D915150B19E80D7D00185B64 = {
						CreatedOnToolsVersion = 6.0.1;
					};
					D915152419E80D7E00185B64 = {
						CreatedOnToolsVersion = 6.0.1;
						TestTargetID = D915150B19E80D7D00185B64;
					};
				};
			};
			buildConfigurationList = D915150719E80D7D00185B64 /* Build configuration list for PBXProject "RobotoPult" */;
			compatibilityVersion = "Xcode 3.2";
			developmentRegion = English;
			hasScannedForEncodings = 0;
			knownRegions = (
				en,
				Base,
				English,
			);
			mainGroup = D915150319E80D7D00185B64;
			productRefGroup = D915150D19E80D7D00185B64 /* Products */;
			projectDirPath = "";
			projectRoot = "";
			targets = (
				D915150B19E80D7D00185B64 /* RobotoPult */,
				D915152419E80D7E00185B64 /* RobotoPultTests */,
			);
		};
/* End PBXProject section */

/* Begin PBXResourcesBuildPhase section */
		D915150A19E80D7D00185B64 /* Resources */ = {
			isa = PBXResourcesBuildPhase;
			buildActionMask = 2147483647;
			files = (
				D9CB16E119E8389F00556711 /* bg.png in Resources */,
				D9CB16DA19E82B7A00556711 /* baterry-energy@2x.png in Resources */,
				9751A3F319E9163800F48973 /* hand-8931-disabled@2x.png in Resources */,
				D915154519E80F9500185B64 /* robod-100.png in Resources */,
				9751A40619E921F000F48973 /* hand-8900-enabled@2x.png in Resources */,
				9751A40519E921F000F48973 /* hand-8900-disabled@2x.png in Resources */,
				D915151B19E80D7D00185B64 /* Main.storyboard in Resources */,
				D915154719E80F9500185B64 /* robod-120.png in Resources */,
				9751A3F419E9163800F48973 /* hand-8931-enabled@2x.png in Resources */,
				9751A40919E92A1D00F48973 /* hand-0000-disabled@2x.png in Resources */,
				D9CB16DD19E8303A00556711 /* button-disabled@2x.png in Resources */,
				9751A3EE19E9163800F48973 /* hand-8921-enabled@2x.png in Resources */,
				9751A3EF19E9163800F48973 /* hand-8925-disabled@2x.png in Resources */,
				D915154C19E80F9500185B64 /* robod-50.png in Resources */,
				9751A3F919E9163800F48973 /* hand-8952-disabled@2x.png in Resources */,
				9751A3ED19E9163800F48973 /* hand-8921-disabled@2x.png in Resources */,
				D915154919E80F9500185B64 /* robod-152.png in Resources */,
				9751A40A19E92A1D00F48973 /* hand-0000-enabled@2x.png in Resources */,
				9751A3F619E9163800F48973 /* hand-8935-enabled@2x.png in Resources */,
				D915154B19E80F9500185B64 /* robod-40.png in Resources */,
				D9CB16E219E8389F00556711 /* bg@2x.png in Resources */,
				D915154F19E80F9500185B64 /* robod-60.png in Resources */,
				9751A3F519E9163800F48973 /* hand-8935-disabled@2x.png in Resources */,
				9751A3FA19E9163800F48973 /* hand-8952-enabled@2x.png in Resources */,
				9751A40219E91E3C00F48973 /* hand-8942-enabled@2x.png in Resources */,
				D915154D19E80F9500185B64 /* robod-57.png in Resources */,
				D915155219E80F9500185B64 /* robod-80.png in Resources */,
				D915152019E80D7D00185B64 /* LaunchScreen.xib in Resources */,
				D9CB16DE19E8303A00556711 /* button-enabled@2x.png in Resources */,
				D9CB14BA19E811A100556711 /* ViewController.xib in Resources */,
				D915155019E80F9500185B64 /* robod-72.png in Resources */,
				9751A40119E91E3C00F48973 /* hand-8942-disabled@2x.png in Resources */,
				D915151D19E80D7D00185B64 /* Images.xcassets in Resources */,
				D915154A19E80F9500185B64 /* robod-29.png in Resources */,
				9751A3F019E9163800F48973 /* hand-8925-enabled@2x.png in Resources */,
				D915154619E80F9500185B64 /* robod-114.png in Resources */,
				9751A3F219E9163800F48973 /* hand-8926-enabled@2x.png in Resources */,
				D915154819E80F9500185B64 /* robod-144.png in Resources */,
				D915154E19E80F9500185B64 /* robod-58.png in Resources */,
				D9CB15FD19E8141000556711 /* Documentation.html in Resources */,
				9751A3F719E9163800F48973 /* hand-8948-disabled@2x.png in Resources */,
				D9CB167B19E8141000556711 /* README.txt in Resources */,
				9751A3F119E9163800F48973 /* hand-8926-disabled@2x.png in Resources */,
				9751A3F819E9163800F48973 /* hand-8948-enabled@2x.png in Resources */,
				D915155119E80F9500185B64 /* robod-76.png in Resources */,
				D9CB165819E8141000556711 /* Documentation.html in Resources */,
				D9CB16D919E82B7A00556711 /* baterry-bg@2x.png in Resources */,
			);
			runOnlyForDeploymentPostprocessing = 0;
		};
		D915152319E80D7E00185B64 /* Resources */ = {
			isa = PBXResourcesBuildPhase;
			buildActionMask = 2147483647;
			files = (
			);
			runOnlyForDeploymentPostprocessing = 0;
		};
/* End PBXResourcesBuildPhase section */

/* Begin PBXSourcesBuildPhase section */
		D915150819E80D7D00185B64 /* Sources */ = {
			isa = PBXSourcesBuildPhase;
			buildActionMask = 2147483647;
			files = (
				D9CB167519E8141000556711 /* DDFileLogger.m in Sources */,
				D9CB15FE19E8141000556711 /* GCDAsyncSocket.m in Sources */,
				D9CB167419E8141000556711 /* DDASLLogger.m in Sources */,
				D9CB16CE19E815BA00556711 /* SBJsonStreamParserAccumulator.m in Sources */,
				D9CB15FF19E8141000556711 /* GCDAsyncUdpSocket.m in Sources */,
				D9CB16D519E815BA00556711 /* SBJsonUTF8Stream.m in Sources */,
				D9CB167319E8141000556711 /* DDAbstractDatabaseLogger.m in Sources */,
				D9CB165719E8141000556711 /* AsyncUdpSocket.m in Sources */,
				D9CB14B919E811A100556711 /* ViewController.m in Sources */,
				D9CB167819E8141000556711 /* DDContextFilterLogFormatter.m in Sources */,
				D9CB16D119E815BA00556711 /* SBJsonStreamWriter.m in Sources */,
				D9CB16D019E815BA00556711 /* SBJsonStreamParserState.m in Sources */,
				D915151519E80D7D00185B64 /* AppDelegate.m in Sources */,
				D915151219E80D7D00185B64 /* main.m in Sources */,
				D9CB16CF19E815BA00556711 /* SBJsonStreamParserAdapter.m in Sources */,
				D9CB16CC19E815BA00556711 /* SBJsonParser.m in Sources */,
				D9CB16D219E815BA00556711 /* SBJsonStreamWriterAccumulator.m in Sources */,
				D9CB16D419E815BA00556711 /* SBJsonTokeniser.m in Sources */,
				D9CB167619E8141000556711 /* DDLog.m in Sources */,
				D9CB167719E8141000556711 /* DDTTYLogger.m in Sources */,
				9751A3FE19E916B400F48973 /* Defines.m in Sources */,
				D9CB167A19E8141000556711 /* DDMultiFormatter.m in Sources */,
				D9CB165619E8141000556711 /* AsyncSocket.m in Sources */,
				D9CB16D619E815BA00556711 /* SBJsonWriter.m in Sources */,
				D9CB16CD19E815BA00556711 /* SBJsonStreamParser.m in Sources */,
				97D36D8919E87C2600402794 /* ZhenyaConnection.m in Sources */,
				D9CB16D319E815BA00556711 /* SBJsonStreamWriterState.m in Sources */,
				D9CB16CB19E815BA00556711 /* NSObject+SBJson.m in Sources */,
				D9CB167919E8141000556711 /* DDDispatchQueueLogFormatter.m in Sources */,
			);
			runOnlyForDeploymentPostprocessing = 0;
		};
		D915152119E80D7E00185B64 /* Sources */ = {
			isa = PBXSourcesBuildPhase;
			buildActionMask = 2147483647;
			files = (
				D915152C19E80D7E00185B64 /* RobotoPultTests.m in Sources */,
			);
			runOnlyForDeploymentPostprocessing = 0;
		};
/* End PBXSourcesBuildPhase section */

/* Begin PBXTargetDependency section */
		D915152719E80D7E00185B64 /* PBXTargetDependency */ = {
			isa = PBXTargetDependency;
			target = D915150B19E80D7D00185B64 /* RobotoPult */;
			targetProxy = D915152619E80D7E00185B64 /* PBXContainerItemProxy */;
		};
/* End PBXTargetDependency section */

/* Begin PBXVariantGroup section */
		D915151919E80D7D00185B64 /* Main.storyboard */ = {
			isa = PBXVariantGroup;
			children = (
				D915151A19E80D7D00185B64 /* Base */,
			);
			name = Main.storyboard;
			sourceTree = "<group>";
		};
		D915151E19E80D7D00185B64 /* LaunchScreen.xib */ = {
			isa = PBXVariantGroup;
			children = (
				D915151F19E80D7D00185B64 /* Base */,
			);
			name = LaunchScreen.xib;
			sourceTree = "<group>";
		};
/* End PBXVariantGroup section */

/* Begin XCBuildConfiguration section */
		D915152D19E80D7E00185B64 /* Debug */ = {
			isa = XCBuildConfiguration;
			buildSettings = {
				ALWAYS_SEARCH_USER_PATHS = NO;
				CLANG_CXX_LANGUAGE_STANDARD = "gnu++0x";
				CLANG_CXX_LIBRARY = "libc++";
				CLANG_ENABLE_MODULES = YES;
				CLANG_ENABLE_OBJC_ARC = YES;
				CLANG_WARN_BOOL_CONVERSION = YES;
				CLANG_WARN_CONSTANT_CONVERSION = YES;
				CLANG_WARN_DIRECT_OBJC_ISA_USAGE = YES_ERROR;
				CLANG_WARN_EMPTY_BODY = YES;
				CLANG_WARN_ENUM_CONVERSION = YES;
				CLANG_WARN_INT_CONVERSION = YES;
				CLANG_WARN_OBJC_ROOT_CLASS = YES_ERROR;
				CLANG_WARN_UNREACHABLE_CODE = YES;
				CLANG_WARN__DUPLICATE_METHOD_MATCH = YES;
				"CODE_SIGN_IDENTITY[sdk=iphoneos*]" = "iPhone Developer";
				COPY_PHASE_STRIP = NO;
				ENABLE_STRICT_OBJC_MSGSEND = YES;
				GCC_C_LANGUAGE_STANDARD = gnu99;
				GCC_DYNAMIC_NO_PIC = NO;
				GCC_OPTIMIZATION_LEVEL = 0;
				GCC_PREPROCESSOR_DEFINITIONS = (
					"DEBUG=1",
					"$(inherited)",
				);
				GCC_SYMBOLS_PRIVATE_EXTERN = NO;
				GCC_WARN_64_TO_32_BIT_CONVERSION = YES;
				GCC_WARN_ABOUT_RETURN_TYPE = YES_ERROR;
				GCC_WARN_UNDECLARED_SELECTOR = YES;
				GCC_WARN_UNINITIALIZED_AUTOS = YES_AGGRESSIVE;
				GCC_WARN_UNUSED_FUNCTION = YES;
				GCC_WARN_UNUSED_VARIABLE = YES;
				IPHONEOS_DEPLOYMENT_TARGET = 8.0;
				MTL_ENABLE_DEBUG_INFO = YES;
				ONLY_ACTIVE_ARCH = YES;
				SDKROOT = iphoneos;
			};
			name = Debug;
		};
		D915152E19E80D7E00185B64 /* Release */ = {
			isa = XCBuildConfiguration;
			buildSettings = {
				ALWAYS_SEARCH_USER_PATHS = NO;
				CLANG_CXX_LANGUAGE_STANDARD = "gnu++0x";
				CLANG_CXX_LIBRARY = "libc++";
				CLANG_ENABLE_MODULES = YES;
				CLANG_ENABLE_OBJC_ARC = YES;
				CLANG_WARN_BOOL_CONVERSION = YES;
				CLANG_WARN_CONSTANT_CONVERSION = YES;
				CLANG_WARN_DIRECT_OBJC_ISA_USAGE = YES_ERROR;
				CLANG_WARN_EMPTY_BODY = YES;
				CLANG_WARN_ENUM_CONVERSION = YES;
				CLANG_WARN_INT_CONVERSION = YES;
				CLANG_WARN_OBJC_ROOT_CLASS = YES_ERROR;
				CLANG_WARN_UNREACHABLE_CODE = YES;
				CLANG_WARN__DUPLICATE_METHOD_MATCH = YES;
				"CODE_SIGN_IDENTITY[sdk=iphoneos*]" = "iPhone Developer";
				COPY_PHASE_STRIP = YES;
				ENABLE_NS_ASSERTIONS = NO;
				ENABLE_STRICT_OBJC_MSGSEND = YES;
				GCC_C_LANGUAGE_STANDARD = gnu99;
				GCC_WARN_64_TO_32_BIT_CONVERSION = YES;
				GCC_WARN_ABOUT_RETURN_TYPE = YES_ERROR;
				GCC_WARN_UNDECLARED_SELECTOR = YES;
				GCC_WARN_UNINITIALIZED_AUTOS = YES_AGGRESSIVE;
				GCC_WARN_UNUSED_FUNCTION = YES;
				GCC_WARN_UNUSED_VARIABLE = YES;
				IPHONEOS_DEPLOYMENT_TARGET = 8.0;
				MTL_ENABLE_DEBUG_INFO = NO;
				SDKROOT = iphoneos;
				VALIDATE_PRODUCT = YES;
			};
			name = Release;
		};
		D915153019E80D7E00185B64 /* Debug */ = {
			isa = XCBuildConfiguration;
			buildSettings = {
				ASSETCATALOG_COMPILER_APPICON_NAME = "AppIcon-2";
				ASSETCATALOG_COMPILER_LAUNCHIMAGE_NAME = LaunchImage;
				INFOPLIST_FILE = RobotoPult/Info.plist;
				IPHONEOS_DEPLOYMENT_TARGET = 7.1;
				LD_RUNPATH_SEARCH_PATHS = "$(inherited) @executable_path/Frameworks";
				PRODUCT_NAME = "$(TARGET_NAME)";
			};
			name = Debug;
		};
		D915153119E80D7E00185B64 /* Release */ = {
			isa = XCBuildConfiguration;
			buildSettings = {
				ASSETCATALOG_COMPILER_APPICON_NAME = "AppIcon-2";
				ASSETCATALOG_COMPILER_LAUNCHIMAGE_NAME = LaunchImage;
				INFOPLIST_FILE = RobotoPult/Info.plist;
				IPHONEOS_DEPLOYMENT_TARGET = 7.1;
				LD_RUNPATH_SEARCH_PATHS = "$(inherited) @executable_path/Frameworks";
				PRODUCT_NAME = "$(TARGET_NAME)";
			};
			name = Release;
		};
		D915153319E80D7E00185B64 /* Debug */ = {
			isa = XCBuildConfiguration;
			buildSettings = {
				BUNDLE_LOADER = "$(TEST_HOST)";
				FRAMEWORK_SEARCH_PATHS = (
					"$(SDKROOT)/Developer/Library/Frameworks",
					"$(inherited)",
				);
				GCC_PREPROCESSOR_DEFINITIONS = (
					"DEBUG=1",
					"$(inherited)",
				);
				INFOPLIST_FILE = RobotoPultTests/Info.plist;
				LD_RUNPATH_SEARCH_PATHS = "$(inherited) @executable_path/Frameworks @loader_path/Frameworks";
				PRODUCT_NAME = "$(TARGET_NAME)";
				TEST_HOST = "$(BUILT_PRODUCTS_DIR)/RobotoPult.app/RobotoPult";
			};
			name = Debug;
		};
		D915153419E80D7E00185B64 /* Release */ = {
			isa = XCBuildConfiguration;
			buildSettings = {
				BUNDLE_LOADER = "$(TEST_HOST)";
				FRAMEWORK_SEARCH_PATHS = (
					"$(SDKROOT)/Developer/Library/Frameworks",
					"$(inherited)",
				);
				INFOPLIST_FILE = RobotoPultTests/Info.plist;
				LD_RUNPATH_SEARCH_PATHS = "$(inherited) @executable_path/Frameworks @loader_path/Frameworks";
				PRODUCT_NAME = "$(TARGET_NAME)";
				TEST_HOST = "$(BUILT_PRODUCTS_DIR)/RobotoPult.app/RobotoPult";
			};
			name = Release;
		};
/* End XCBuildConfiguration section */

/* Begin XCConfigurationList section */
		D915150719E80D7D00185B64 /* Build configuration list for PBXProject "RobotoPult" */ = {
			isa = XCConfigurationList;
			buildConfigurations = (
				D915152D19E80D7E00185B64 /* Debug */,
				D915152E19E80D7E00185B64 /* Release */,
			);
			defaultConfigurationIsVisible = 0;
			defaultConfigurationName = Release;
		};
		D915152F19E80D7E00185B64 /* Build configuration list for PBXNativeTarget "RobotoPult" */ = {
			isa = XCConfigurationList;
			buildConfigurations = (
				D915153019E80D7E00185B64 /* Debug */,
				D915153119E80D7E00185B64 /* Release */,
			);
			defaultConfigurationIsVisible = 0;
			defaultConfigurationName = Release;
		};
		D915153219E80D7E00185B64 /* Build configuration list for PBXNativeTarget "RobotoPultTests" */ = {
			isa = XCConfigurationList;
			buildConfigurations = (
				D915153319E80D7E00185B64 /* Debug */,
				D915153419E80D7E00185B64 /* Release */,
			);
			defaultConfigurationIsVisible = 0;
			defaultConfigurationName = Release;
		};
/* End XCConfigurationList section */
	};
	rootObject = D915150419E80D7D00185B64 /* Project object */;
}
